
Microsoft Visual Studio Solution File, Format Version 12.00
# Visual Studio Version 17
VisualStudioVersion = 17.14.37301.10
MinimumVisualStudioVersion = 10.0.40219.1
Project("{8BC9CEB8-8B4A-11D0-8D11-00A0C91BC942}") = "AVLStudenti", "AVLStudenti\AVLStudenti.vcxproj", "{9A35E16D-6FDE-4397-ABEC-7710EE709C6D}"
EndProject
Project("{8BC9CEB8-8B4A-11D0-8D11-00A0C91BC942}") = "GrafOrase", "GrafOrase\GrafOrase.vcxproj", "{A48C218E-904A-4EDF-B873-6978CD2DD671}"
EndProject
Project("{8BC9CEB8-8B4A-11D0-8D11-00A0C91BC942}") = "HeapStudenti", "HeapStudenti\HeapStudenti.vcxproj", "{56DAECEF-808A-44AC-BEC4-B5D75AF106DE}"
EndProject
Project("{8BC9CEB8-8B4A-11D0-8D11-00A0C91BC942}") = "HeapProduse", "HeapProduse\HeapProduse.vcxproj", "{4328E350-13B8-4E68-8EA0-F7CA7E104660}"
EndProject
Project("{8BC9CEB8-8B4A-11D0-8D11-00A0C91BC942}") = "ABC_Carti_Biblioteca", "ABC_Carti_Biblioteca\ABC_Carti_Biblioteca.vcxproj", "{A6057AB1-2962-46A0-806F-7510E7D45BA3}"
EndProject
Project("{8BC9CEB8-8B4A-11D0-8D11-00A0C91BC942}") = "ABC_Filme", "ABC_Filme\ABC_Filme.vcxproj", "{B58774F6-E770-4188-8E87-5FC525FD39F5}"
EndProject
Global
	GlobalSection(SolutionConfigurationPlatforms) = preSolution
		Debug|x64 = Debug|x64
		Debug|x86 = Debug|x86
		Release|x64 = Release|x64
		Release|x86 = Release|x86
	EndGlobalSection
	GlobalSection(ProjectConfigurationPlatforms) = postSolution
		{9A35E16D-6FDE-4397-ABEC-7710EE709C6D}.Debug|x64.ActiveCfg = Debug|x64
		{9A35E16D-6FDE-4397-ABEC-7710EE709C6D}.Debug|x64.Build.0 = Debug|x64
		{9A35E16D-6FDE-4397-ABEC-7710EE709C6D}.Debug|x86.ActiveCfg = Debug|Win32
		{9A35E16D-6FDE-4397-ABEC-7710EE709C6D}.Debug|x86.Build.0 = Debug|Win32
		{9A35E16D-6FDE-4397-ABEC-7710EE709C6D}.Release|x64.ActiveCfg = Release|x64
		{9A35E16D-6FDE-4397-ABEC-7710EE709C6D}.Release|x64.Build.0 = Release|x64
		{9A35E16D-6FDE-4397-ABEC-7710EE709C6D}.Release|x86.ActiveCfg = Release|Win32
		{9A35E16D-6FDE-4397-ABEC-7710EE709C6D}.Release|x86.Build.0 = Release|Win32
		{A48C218E-904A-4EDF-B873-6978CD2DD671}.Debug|x64.ActiveCfg = Debug|x64
		{A48C218E-904A-4EDF-B873-6978CD2DD671}.Debug|x64.Build.0 = Debug|x64
		{A48C218E-904A-4EDF-B873-6978CD2DD671}.Debug|x86.ActiveCfg = Debug|Win32
		{A48C218E-904A-4EDF-B873-6978CD2DD671}.Debug|x86.Build.0 = Debug|Win32
		{A48C218E-904A-4EDF-B873-6978CD2DD671}.Release|x64.ActiveCfg = Release|x64
		{A48C218E-904A-4EDF-B873-6978CD2DD671}.Release|x64.Build.0 = Release|x64
		{A48C218E-904A-4EDF-B873-6978CD2DD671}.Release|x86.ActiveCfg = Release|Win32
		{A48C218E-904A-4EDF-B873-6978CD2DD671}.Release|x86.Build.0 = Release|Win32
		{56DAECEF-808A-44AC-BEC4-B5D75AF106DE}.Debug|x64.ActiveCfg = Debug|x64
		{56DAECEF-808A-44AC-BEC4-B5D75AF106DE}.Debug|x64.Build.0 = Debug|x64
		{56DAECEF-808A-44AC-BEC4-B5D75AF106DE}.Debug|x86.ActiveCfg = Debug|Win32
		{56DAECEF-808A-44AC-BEC4-B5D75AF106DE}.Debug|x86.Build.0 = Debug|Win32
		{56DAECEF-808A-44AC-BEC4-B5D75AF106DE}.Release|x64.ActiveCfg = Release|x64
		{56DAECEF-808A-44AC-BEC4-B5D75AF106DE}.Release|x64.Build.0 = Release|x64
		{56DAECEF-808A-44AC-BEC4-B5D75AF106DE}.Release|x86.ActiveCfg = Release|Win32
		{56DAECEF-808A-44AC-BEC4-B5D75AF106DE}.Release|x86.Build.0 = Release|Win32
		{4328E350-13B8-4E68-8EA0-F7CA7E104660}.Debug|x64.ActiveCfg = Debug|x64
		{4328E350-13B8-4E68-8EA0-F7CA7E104660}.Debug|x64.Build.0 = Debug|x64
		{4328E350-13B8-4E68-8EA0-F7CA7E104660}.Debug|x86.ActiveCfg = Debug|Win32
		{4328E350-13B8-4E68-8EA0-F7CA7E104660}.Debug|x86.Build.0 = Debug|Win32
		{4328E350-13B8-4E68-8EA0-F7CA7E104660}.Release|x64.ActiveCfg = Release|x64
		{4328E350-13B8-4E68-8EA0-F7CA7E104660}.Release|x64.Build.0 = Release|x64
		{4328E350-13B8-4E68-8EA0-F7CA7E104660}.Release|x86.ActiveCfg = Release|Win32
		{4328E350-13B8-4E68-8EA0-F7CA7E104660}.Release|x86.Build.0 = Release|Win32
		{A6057AB1-2962-46A0-806F-7510E7D45BA3}.Debug|x64.ActiveCfg = Debug|x64
		{A6057AB1-2962-46A0-806F-7510E7D45BA3}.Debug|x64.Build.0 = Debug|x64
		{A6057AB1-2962-46A0-806F-7510E7D45BA3}.Debug|x86.ActiveCfg = Debug|Win32
		{A6057AB1-2962-46A0-806F-7510E7D45BA3}.Debug|x86.Build.0 = Debug|Win32
		{A6057AB1-2962-46A0-806F-7510E7D45BA3}.Release|x64.ActiveCfg = Release|x64
		{A6057AB1-2962-46A0-806F-7510E7D45BA3}.Release|x64.Build.0 = Release|x64
		{A6057AB1-2962-46A0-806F-7510E7D45BA3}.Release|x86.ActiveCfg = Release|Win32
		{A6057AB1-2962-46A0-806F-7510E7D45BA3}.Release|x86.Build.0 = Release|Win32
		{B58774F6-E770-4188-8E87-5FC525FD39F5}.Debug|x64.ActiveCfg = Debug|x64
		{B58774F6-E770-4188-8E87-5FC525FD39F5}.Debug|x64.Build.0 = Debug|x64
		{B58774F6-E770-4188-8E87-5FC525FD39F5}.Debug|x86.ActiveCfg = Debug|Win32
		{B58774F6-E770-4188-8E87-5FC525FD39F5}.Debug|x86.Build.0 = Debug|Win32
		{B58774F6-E770-4188-8E87-5FC525FD39F5}.Release|x64.ActiveCfg = Release|x64
		{B58774F6-E770-4188-8E87-5FC525FD39F5}.Release|x64.Build.0 = Release|x64
		{B58774F6-E770-4188-8E87-5FC525FD39F5}.Release|x86.ActiveCfg = Release|Win32
		{B58774F6-E770-4188-8E87-5FC525FD39F5}.Release|x86.Build.0 = Release|Win32
	EndGlobalSection
	GlobalSection(SolutionProperties) = preSolution
		HideSolutionNode = FALSE
	EndGlobalSection
	GlobalSection(ExtensibilityGlobals) = postSolution
		SolutionGuid = {354A42EE-E86A-4B63-8F24-49E1806A964B}
	EndGlobalSection
EndGlobal
