
Microsoft Visual Studio Solution File, Format Version 12.00
# Visual Studio Version 17
VisualStudioVersion = 17.14.37301.10 d17.14
MinimumVisualStudioVersion = 10.0.40219.1
Project("{8BC9CEB8-8B4A-11D0-8D11-00A0C91BC942}") = "Stoian_Andreea_ActivitateSD2026", "Stoian_Andreea_ActivitateSD2026.vcxproj", "{AEB7F1E4-A8D2-408D-9E69-FEEB326DE21C}"
EndProject
Global
	GlobalSection(SolutionConfigurationPlatforms) = preSolution
		Debug|x64 = Debug|x64
		Debug|x86 = Debug|x86
		Release|x64 = Release|x64
		Release|x86 = Release|x86
	EndGlobalSection
	GlobalSection(ProjectConfigurationPlatforms) = postSolution
		{AEB7F1E4-A8D2-408D-9E69-FEEB326DE21C}.Debug|x64.ActiveCfg = Debug|x64
		{AEB7F1E4-A8D2-408D-9E69-FEEB326DE21C}.Debug|x64.Build.0 = Debug|x64
		{AEB7F1E4-A8D2-408D-9E69-FEEB326DE21C}.Debug|x86.ActiveCfg = Debug|Win32
		{AEB7F1E4-A8D2-408D-9E69-FEEB326DE21C}.Debug|x86.Build.0 = Debug|Win32
		{AEB7F1E4-A8D2-408D-9E69-FEEB326DE21C}.Release|x64.ActiveCfg = Release|x64
		{AEB7F1E4-A8D2-408D-9E69-FEEB326DE21C}.Release|x64.Build.0 = Release|x64
		{AEB7F1E4-A8D2-408D-9E69-FEEB326DE21C}.Release|x86.ActiveCfg = Release|Win32
		{AEB7F1E4-A8D2-408D-9E69-FEEB326DE21C}.Release|x86.Build.0 = Release|Win32
	EndGlobalSection
	GlobalSection(SolutionProperties) = preSolution
		HideSolutionNode = FALSE
	EndGlobalSection
	GlobalSection(ExtensibilityGlobals) = postSolution
		SolutionGuid = {354A42EE-E86A-4B63-8F24-49E1806A964B}
	EndGlobalSection
EndGlobal
